
Microsoft Visual Studio Solution File, Format Version 12.00
# Visual Studio Version 16
VisualStudioVersion = 16.0.29613.14
MinimumVisualStudioVersion = 10.0.40219.1
Project("{FAE04EC0-301F-11D3-BF4B-00C04F79EFBC}") = "EfCoreTask", "EfCoreTask\EfCoreTask.csproj", "{91618B4D-9925-407B-A1FB-C2F814F2E1F2}"
EndProject
Project("{FAE04EC0-301F-11D3-BF4B-00C04F79EFBC}") = "EfCoreTask.Data", "EfCoreTask.Data\EfCoreTask.Data.csproj", "{0BF1FD1E-A9E2-4FA0-9446-BC16CE06D925}"
EndProject
Global
	GlobalSection(SolutionConfigurationPlatforms) = preSolution
		Debug|Any CPU = Debug|Any CPU
		Release|Any CPU = Release|Any CPU
	EndGlobalSection
	GlobalSection(ProjectConfigurationPlatforms) = postSolution
		{91618B4D-9925-407B-A1FB-C2F814F2E1F2}.Debug|Any CPU.ActiveCfg = Debug|Any CPU
		{91618B4D-9925-407B-A1FB-C2F814F2E1F2}.Debug|Any CPU.Build.0 = Debug|Any CPU
		{91618B4D-9925-407B-A1FB-C2F814F2E1F2}.Release|Any CPU.ActiveCfg = Release|Any CPU
		{91618B4D-9925-407B-A1FB-C2F814F2E1F2}.Release|Any CPU.Build.0 = Release|Any CPU
		{0BF1FD1E-A9E2-4FA0-9446-BC16CE06D925}.Debug|Any CPU.ActiveCfg = Debug|Any CPU
		{0BF1FD1E-A9E2-4FA0-9446-BC16CE06D925}.Debug|Any CPU.Build.0 = Debug|Any CPU
		{0BF1FD1E-A9E2-4FA0-9446-BC16CE06D925}.Release|Any CPU.ActiveCfg = Release|Any CPU
		{0BF1FD1E-A9E2-4FA0-9446-BC16CE06D925}.Release|Any CPU.Build.0 = Release|Any CPU
	EndGlobalSection
	GlobalSection(SolutionProperties) = preSolution
		HideSolutionNode = FALSE
	EndGlobalSection
	GlobalSection(ExtensibilityGlobals) = postSolution
		SolutionGuid = {C7CDAA80-6D4B-444D-91BD-EEA1AAFE3AA3}
	EndGlobalSection
EndGlobal
